
Microsoft Visual Studio Solution File, Format Version 12.00
# Visual Studio Version 17
VisualStudioVersion = 17.12.35506.116
MinimumVisualStudioVersion = 10.0.40219.1
Project("{FAE04EC0-301F-11D3-BF4B-00C04F79EFBC}") = "ProjectRestaurant.API", "ProjectRestaurant.API\ProjectRestaurant.API.csproj", "{6EDCF1CB-FA40-4813-90B0-32968415E58C}"
EndProject
Project("{FAE04EC0-301F-11D3-BF4B-00C04F79EFBC}") = "ProjectRestaurant.Business", "ProjectRestaurant.Business\ProjectRestaurant.Business.csproj", "{D591F35D-BCA1-40D9-910C-1FE7BE1C922A}"
EndProject
Project("{FAE04EC0-301F-11D3-BF4B-00C04F79EFBC}") = "ProjectRestaurant.DataAccess", "ProjectRestaurant.DataAccess\ProjectRestaurant.DataAccess.csproj", "{3EFDF310-2DB4-4BB8-B368-91C22E29F6FF}"
EndProject
Project("{FAE04EC0-301F-11D3-BF4B-00C04F79EFBC}") = "ProjectRestaurant.Entity", "ProjectRestaurant.Entity\ProjectRestaurant.Entity.csproj", "{7159945C-AD45-4819-AFCC-CA8A26115D99}"
EndProject
Project("{FAE04EC0-301F-11D3-BF4B-00C04F79EFBC}") = "ProjectRestaurant.Tools", "ProjectRestaurant.Tools\ProjectRestaurant.Tools.csproj", "{ED03D30F-4A05-4F5E-9C41-BB1ABF378E4C}"
EndProject
Project("{2150E333-8FDC-42A3-9474-1A3956D46DE8}") = "WEB", "WEB", "{09BDBB4B-9235-43E6-A9BC-F2ACB5BBCB01}"
EndProject
Project("{FAE04EC0-301F-11D3-BF4B-00C04F79EFBC}") = "ProjectRestaurant.WebUI", "ProjectRestaurant.WebUI\ProjectRestaurant.WebUI.csproj", "{B59FC902-3EA6-4484-9833-A2E5D1AB51BD}"
EndProject
Project("{FAE04EC0-301F-11D3-BF4B-00C04F79EFBC}") = "ProjectRestaurant.WebUI.Helper", "ProjectRestaurant.WebUI.Helper\ProjectRestaurant.WebUI.Helper.csproj", "{B3C1A54C-269C-48F5-97F5-050AE95CBAB1}"
EndProject
Project("{FAE04EC0-301F-11D3-BF4B-00C04F79EFBC}") = "ProjectRestaurant.WebUI.Model", "ProjectRestaurant.WebUI.Model\ProjectRestaurant.WebUI.Model.csproj", "{113E2FFD-EFE7-4F48-8146-1A3968F5A46E}"
EndProject
Global
	GlobalSection(SolutionConfigurationPlatforms) = preSolution
		Debug|Any CPU = Debug|Any CPU
		Release|Any CPU = Release|Any CPU
	EndGlobalSection
	GlobalSection(ProjectConfigurationPlatforms) = postSolution
		{6EDCF1CB-FA40-4813-90B0-32968415E58C}.Debug|Any CPU.ActiveCfg = Debug|Any CPU
		{6EDCF1CB-FA40-4813-90B0-32968415E58C}.Debug|Any CPU.Build.0 = Debug|Any CPU
		{6EDCF1CB-FA40-4813-90B0-32968415E58C}.Release|Any CPU.ActiveCfg = Release|Any CPU
		{6EDCF1CB-FA40-4813-90B0-32968415E58C}.Release|Any CPU.Build.0 = Release|Any CPU
		{D591F35D-BCA1-40D9-910C-1FE7BE1C922A}.Debug|Any CPU.ActiveCfg = Debug|Any CPU
		{D591F35D-BCA1-40D9-910C-1FE7BE1C922A}.Debug|Any CPU.Build.0 = Debug|Any CPU
		{D591F35D-BCA1-40D9-910C-1FE7BE1C922A}.Release|Any CPU.ActiveCfg = Release|Any CPU
		{D591F35D-BCA1-40D9-910C-1FE7BE1C922A}.Release|Any CPU.Build.0 = Release|Any CPU
		{3EFDF310-2DB4-4BB8-B368-91C22E29F6FF}.Debug|Any CPU.ActiveCfg = Debug|Any CPU
		{3EFDF310-2DB4-4BB8-B368-91C22E29F6FF}.Debug|Any CPU.Build.0 = Debug|Any CPU
		{3EFDF310-2DB4-4BB8-B368-91C22E29F6FF}.Release|Any CPU.ActiveCfg = Release|Any CPU
		{3EFDF310-2DB4-4BB8-B368-91C22E29F6FF}.Release|Any CPU.Build.0 = Release|Any CPU
		{7159945C-AD45-4819-AFCC-CA8A26115D99}.Debug|Any CPU.ActiveCfg = Debug|Any CPU
		{7159945C-AD45-4819-AFCC-CA8A26115D99}.Debug|Any CPU.Build.0 = Debug|Any CPU
		{7159945C-AD45-4819-AFCC-CA8A26115D99}.Release|Any CPU.ActiveCfg = Release|Any CPU
		{7159945C-AD45-4819-AFCC-CA8A26115D99}.Release|Any CPU.Build.0 = Release|Any CPU
		{ED03D30F-4A05-4F5E-9C41-BB1ABF378E4C}.Debug|Any CPU.ActiveCfg = Debug|Any CPU
		{ED03D30F-4A05-4F5E-9C41-BB1ABF378E4C}.Debug|Any CPU.Build.0 = Debug|Any CPU
		{ED03D30F-4A05-4F5E-9C41-BB1ABF378E4C}.Release|Any CPU.ActiveCfg = Release|Any CPU
		{ED03D30F-4A05-4F5E-9C41-BB1ABF378E4C}.Release|Any CPU.Build.0 = Release|Any CPU
		{B59FC902-3EA6-4484-9833-A2E5D1AB51BD}.Debug|Any CPU.ActiveCfg = Debug|Any CPU
		{B59FC902-3EA6-4484-9833-A2E5D1AB51BD}.Debug|Any CPU.Build.0 = Debug|Any CPU
		{B59FC902-3EA6-4484-9833-A2E5D1AB51BD}.Release|Any CPU.ActiveCfg = Release|Any CPU
		{B59FC902-3EA6-4484-9833-A2E5D1AB51BD}.Release|Any CPU.Build.0 = Release|Any CPU
		{B3C1A54C-269C-48F5-97F5-050AE95CBAB1}.Debug|Any CPU.ActiveCfg = Debug|Any CPU
		{B3C1A54C-269C-48F5-97F5-050AE95CBAB1}.Debug|Any CPU.Build.0 = Debug|Any CPU
		{B3C1A54C-269C-48F5-97F5-050AE95CBAB1}.Release|Any CPU.ActiveCfg = Release|Any CPU
		{B3C1A54C-269C-48F5-97F5-050AE95CBAB1}.Release|Any CPU.Build.0 = Release|Any CPU
		{113E2FFD-EFE7-4F48-8146-1A3968F5A46E}.Debug|Any CPU.ActiveCfg = Debug|Any CPU
		{113E2FFD-EFE7-4F48-8146-1A3968F5A46E}.Debug|Any CPU.Build.0 = Debug|Any CPU
		{113E2FFD-EFE7-4F48-8146-1A3968F5A46E}.Release|Any CPU.ActiveCfg = Release|Any CPU
		{113E2FFD-EFE7-4F48-8146-1A3968F5A46E}.Release|Any CPU.Build.0 = Release|Any CPU
	EndGlobalSection
	GlobalSection(SolutionProperties) = preSolution
		HideSolutionNode = FALSE
	EndGlobalSection
	GlobalSection(NestedProjects) = preSolution
		{B59FC902-3EA6-4484-9833-A2E5D1AB51BD} = {09BDBB4B-9235-43E6-A9BC-F2ACB5BBCB01}
		{B3C1A54C-269C-48F5-97F5-050AE95CBAB1} = {09BDBB4B-9235-43E6-A9BC-F2ACB5BBCB01}
		{113E2FFD-EFE7-4F48-8146-1A3968F5A46E} = {09BDBB4B-9235-43E6-A9BC-F2ACB5BBCB01}
	EndGlobalSection
EndGlobal
